<?xml version="1.0" encoding="utf-8"?>
<Project ToolsVersion="4.0" xmlns="http://schemas.microsoft.com/developer/msbuild/2003">
  <ItemGroup>
    <ClCompile Include="..\ProcessingOperations.cpp">
      <Filter>Sources</Filter>
    </ClCompile>
    <ClCompile Include="..\ProcsTreeBuilder.cpp">
      <Filter>Sources</Filter>
    </ClCompile>
    <ClCompile Include="..\psa.cpp" />
  </ItemGroup>
  <ItemGroup>
    <Filter Include="Headers">
      <UniqueIdentifier>{6a89c154-1c09-4399-84c3-b9e191d562cf}</UniqueIdentifier>
    </Filter>
    <Filter Include="Sources">
      <UniqueIdentifier>{297ba426-2073-4f89-808e-7331d32e2b3d}</UniqueIdentifier>
    </Filter>
  </ItemGroup>
  <ItemGroup>
    <ClInclude Include="..\..\include\fixed_priority_queue.h">
      <Filter>Headers</Filter>
    </ClInclude>
    <ClInclude Include="..\..\include\general.h">
      <Filter>Headers</Filter>
    </ClInclude>
    <ClInclude Include="..\..\include\generic_tree.h">
      <Filter>Headers</Filter>
    </ClInclude>
    <ClInclude Include="..\..\include\generic_tree_handler.h">
      <Filter>Headers</Filter>
    </ClInclude>
    <ClInclude Include="..\..\include\string_utils.h">
      <Filter>Headers</Filter>
    </ClInclude>
    <ClInclude Include="..\ProcessingOperations.h">
      <Filter>Headers</Filter>
    </ClInclude>
    <ClInclude Include="..\ProcsTreeBuilder.h">
      <Filter>Headers</Filter>
    </ClInclude>
  </ItemGroup>
</Project>