<?xml version="1.0" encoding="utf-8"?>
<Project ToolsVersion="4.0" xmlns="http://schemas.microsoft.com/developer/msbuild/2003">
  <ItemGroup>
    <ClCompile Include="..\ProcessingOperations.cpp">
      <Filter>Sources</Filter>
    </ClCompile>
    <ClCompile Include="..\ProcsTreeBuilder.cpp">
      <Filter>Sources</Filter>
    </ClCompile>
    <ClCompile Include="..\psa.cpp" />
    <ClCompile Include="XGetopt.cpp">
      <Filter>Sources</Filter>
    </ClCompile>
  </ItemGroup>
  <ItemGroup>
    <ClInclude Include="..\..\include\general.h">
      <Filter>Headers</Filter>
    </ClInclude>
    <ClInclude Include="..\..\include\generic_tree.h">
      <Filter>Headers</Filter>
    </ClInclude>
    <ClInclude Include="..\..\include\generic_tree_handler.h">
      <Filter>Headers</Filter>
    </ClInclude>
    <ClInclude Include="targetver.h">
      <Filter>Headers</Filter>
    </ClInclude>
    <ClInclude Include="..\..\include\fixed_priority_queue.h">
      <Filter>Headers</Filter>
    </ClInclude>
    <ClInclude Include="..\..\include\string_utils.h">
      <Filter>Headers</Filter>
    </ClInclude>
    <ClInclude Include="..\ProcessingOperations.h">
      <Filter>Headers</Filter>
    </ClInclude>
    <ClInclude Include="..\ProcsTreeBuilder.h">
      <Filter>Headers</Filter>
    </ClInclude>
    <ClInclude Include="..\..\include\smart_handler.h">
      <Filter>Headers</Filter>
    </ClInclude>
    <ClInclude Include="XGetopt.h">
      <Filter>Headers</Filter>
    </ClInclude>
  </ItemGroup>
  <ItemGroup>
    <Filter Include="Sources">
      <UniqueIdentifier>{d8f3f43e-f059-4501-8aa8-ebc86401d62d}</UniqueIdentifier>
    </Filter>
    <Filter Include="Headers">
      <UniqueIdentifier>{f72fc6ba-152a-41e8-9981-83bc9deeab9a}</UniqueIdentifier>
    </Filter>
  </ItemGroup>
  <ItemGroup>
    <Text Include="ReadMe.txt">
      <Filter>Sources</Filter>
    </Text>
  </ItemGroup>
</Project>