<?xml version="1.0" encoding="utf-8"?>
<Project ToolsVersion="4.0" xmlns="http://schemas.microsoft.com/developer/msbuild/2003">
  <ItemGroup>
    <ClCompile Include="ProcessingOperations.cpp">
      <Filter>Source</Filter>
    </ClCompile>
    <ClCompile Include="ProcsTreeBuilder.cpp">
      <Filter>Source</Filter>
    </ClCompile>
    <ClCompile Include="psa.cpp">
      <Filter>Source</Filter>
    </ClCompile>
    <ClCompile Include="stdafx.cpp">
      <Filter>Source</Filter>
    </ClCompile>
    <ClCompile Include="XGetopt.cpp">
      <Filter>Source</Filter>
    </ClCompile>
  </ItemGroup>
  <ItemGroup>
    <ClInclude Include="..\..\include\general.h">
      <Filter>Header</Filter>
    </ClInclude>
    <ClInclude Include="..\..\include\generic_tree.h">
      <Filter>Header</Filter>
    </ClInclude>
    <ClInclude Include="..\..\include\generic_tree_handler.h">
      <Filter>Header</Filter>
    </ClInclude>
    <ClInclude Include="ProcessingOperations.h">
      <Filter>Header</Filter>
    </ClInclude>
    <ClInclude Include="ProcsTreeBuilder.h">
      <Filter>Header</Filter>
    </ClInclude>
    <ClInclude Include="stdafx.h">
      <Filter>Header</Filter>
    </ClInclude>
    <ClInclude Include="string_utils.h">
      <Filter>Header</Filter>
    </ClInclude>
    <ClInclude Include="targetver.h">
      <Filter>Header</Filter>
    </ClInclude>
    <ClInclude Include="XGetopt.h">
      <Filter>Source</Filter>
    </ClInclude>
  </ItemGroup>
  <ItemGroup>
    <Filter Include="Source">
      <UniqueIdentifier>{d8f3f43e-f059-4501-8aa8-ebc86401d62d}</UniqueIdentifier>
    </Filter>
    <Filter Include="Header">
      <UniqueIdentifier>{f72fc6ba-152a-41e8-9981-83bc9deeab9a}</UniqueIdentifier>
    </Filter>
  </ItemGroup>
  <ItemGroup>
    <Text Include="ReadMe.txt">
      <Filter>Source</Filter>
    </Text>
  </ItemGroup>
</Project>